// !$*UTF8*$!
{
	archiveVersion = 1;
	classes = {
	};
	objectVersion = 46;
	objects = {

/* Begin PBXBuildFile section */
		D11F67491A1D56FC0068317F /* LICENSE.txt in Resources */ = {isa = PBXBuildFile; fileRef = D11F673E1A1D56FC0068317F /* LICENSE.txt */; };
		D11F674A1A1D56FC0068317F /* OpenSans-Bold.ttf in Resources */ = {isa = PBXBuildFile; fileRef = D11F673F1A1D56FC0068317F /* OpenSans-Bold.ttf */; };
		D11F674B1A1D56FC0068317F /* OpenSans-BoldItalic.ttf in Resources */ = {isa = PBXBuildFile; fileRef = D11F67401A1D56FC0068317F /* OpenSans-BoldItalic.ttf */; };
		D11F674C1A1D56FC0068317F /* OpenSans-ExtraBold.ttf in Resources */ = {isa = PBXBuildFile; fileRef = D11F67411A1D56FC0068317F /* OpenSans-ExtraBold.ttf */; };
		D11F674D1A1D56FC0068317F /* OpenSans-ExtraBoldItalic.ttf in Resources */ = {isa = PBXBuildFile; fileRef = D11F67421A1D56FC0068317F /* OpenSans-ExtraBoldItalic.ttf */; };
		D11F674E1A1D56FC0068317F /* OpenSans-Italic.ttf in Resources */ = {isa = PBXBuildFile; fileRef = D11F67431A1D56FC0068317F /* OpenSans-Italic.ttf */; };
		D11F674F1A1D56FC0068317F /* OpenSans-Light.ttf in Resources */ = {isa = PBXBuildFile; fileRef = D11F67441A1D56FC0068317F /* OpenSans-Light.ttf */; };
		D11F67501A1D56FC0068317F /* OpenSans-LightItalic.ttf in Resources */ = {isa = PBXBuildFile; fileRef = D11F67451A1D56FC0068317F /* OpenSans-LightItalic.ttf */; };
		D11F67511A1D56FC0068317F /* OpenSans-Regular.ttf in Resources */ = {isa = PBXBuildFile; fileRef = D11F67461A1D56FC0068317F /* OpenSans-Regular.ttf */; };
		D11F67521A1D56FC0068317F /* OpenSans-Semibold.ttf in Resources */ = {isa = PBXBuildFile; fileRef = D11F67471A1D56FC0068317F /* OpenSans-Semibold.ttf */; };
		D11F67531A1D56FC0068317F /* OpenSans-SemiboldItalic.ttf in Resources */ = {isa = PBXBuildFile; fileRef = D11F67481A1D56FC0068317F /* OpenSans-SemiboldItalic.ttf */; };
		D11F67561A1D743A0068317F /* BSScheduleVC.xib in Resources */ = {isa = PBXBuildFile; fileRef = D11F67551A1D743A0068317F /* BSScheduleVC.xib */; };
		D1608FBC1A18C0FA008B3216 /* BSDataManager.m in Sources */ = {isa = PBXBuildFile; fileRef = D1608FBB1A18C0FA008B3216 /* BSDataManager.m */; };
		D16DD2981A1E1E1600C61DDD /* BSSettingsVC.m in Sources */ = {isa = PBXBuildFile; fileRef = D16DD2961A1E1E1600C61DDD /* BSSettingsVC.m */; };
		D170BD151A1BF9690068E67C /* BSPair+Color.m in Sources */ = {isa = PBXBuildFile; fileRef = D170BD141A1BF9690068E67C /* BSPair+Color.m */; };
		D18AE80D1A1BFC88003007EF /* BSPair.m in Sources */ = {isa = PBXBuildFile; fileRef = D18AE80C1A1BFC88003007EF /* BSPair.m */; };
		D19EB2211A1824900055B0D3 /* main.m in Sources */ = {isa = PBXBuildFile; fileRef = D19EB2201A1824900055B0D3 /* main.m */; };
		D19EB2241A1824900055B0D3 /* AppDelegate.m in Sources */ = {isa = PBXBuildFile; fileRef = D19EB2231A1824900055B0D3 /* AppDelegate.m */; };
		D19EB22A1A1824910055B0D3 /* BSScheduleVC.m in Sources */ = {isa = PBXBuildFile; fileRef = D19EB2291A1824910055B0D3 /* BSScheduleVC.m */; };
		D19EB22F1A1824910055B0D3 /* Images.xcassets in Resources */ = {isa = PBXBuildFile; fileRef = D19EB22E1A1824910055B0D3 /* Images.xcassets */; };
		D19EB23E1A1824910055B0D3 /* Bsuir_ScheduleTests.m in Sources */ = {isa = PBXBuildFile; fileRef = D19EB23D1A1824910055B0D3 /* Bsuir_ScheduleTests.m */; };
		D19EB24C1A18249C0055B0D3 /* XMLDictionary.m in Sources */ = {isa = PBXBuildFile; fileRef = D19EB24B1A18249C0055B0D3 /* XMLDictionary.m */; };
		D19EB2581A1824AF0055B0D3 /* ScheduleData.xcdatamodeld in Sources */ = {isa = PBXBuildFile; fileRef = D19EB2511A1824AF0055B0D3 /* ScheduleData.xcdatamodeld */; };
		D1AF20BA1A1966A100100B64 /* BSSubject.m in Sources */ = {isa = PBXBuildFile; fileRef = D1AF20B91A1966A100100B64 /* BSSubject.m */; };
		D1AF20BD1A1966A100100B64 /* BSWeekNumber.m in Sources */ = {isa = PBXBuildFile; fileRef = D1AF20BC1A1966A100100B64 /* BSWeekNumber.m */; };
		D1AF20C01A1966A200100B64 /* BSAuditory.m in Sources */ = {isa = PBXBuildFile; fileRef = D1AF20BF1A1966A200100B64 /* BSAuditory.m */; };
		D1AF20C31A1966A200100B64 /* BSDayOfWeek.m in Sources */ = {isa = PBXBuildFile; fileRef = D1AF20C21A1966A200100B64 /* BSDayOfWeek.m */; };
		D1AF20C61A1966A200100B64 /* BSLecturer.m in Sources */ = {isa = PBXBuildFile; fileRef = D1AF20C51A1966A200100B64 /* BSLecturer.m */; };
		D1DE31631A1AA3D5000038B0 /* BSLecturer+Thumbnail.m in Sources */ = {isa = PBXBuildFile; fileRef = D1DE31621A1AA3D5000038B0 /* BSLecturer+Thumbnail.m */; };
		D1DE31651A1AA5FA000038B0 /* Lecturers.xcassets in Resources */ = {isa = PBXBuildFile; fileRef = D1DE31641A1AA5FA000038B0 /* Lecturers.xcassets */; };
		D1DE31681A1AA9AB000038B0 /* NSString+Transiterate.m in Sources */ = {isa = PBXBuildFile; fileRef = D1DE31671A1AA9AB000038B0 /* NSString+Transiterate.m */; };
		D1E5C72E1A1BE41B009E5552 /* BSPairCell.m in Sources */ = {isa = PBXBuildFile; fileRef = D1E5C72C1A1BE41B009E5552 /* BSPairCell.m */; };
		D1E5C72F1A1BE41B009E5552 /* BSPairCell.xib in Resources */ = {isa = PBXBuildFile; fileRef = D1E5C72D1A1BE41B009E5552 /* BSPairCell.xib */; };
		D1E5C7321A1BF341009E5552 /* BSPair+Type.m in Sources */ = {isa = PBXBuildFile; fileRef = D1E5C7311A1BF341009E5552 /* BSPair+Type.m */; };
		D1E873D91A1E3F1F007F056F /* BSTextField.m in Sources */ = {isa = PBXBuildFile; fileRef = D1E873D81A1E3F1F007F056F /* BSTextField.m */; };
		D1E873DC1A1EBB3C007F056F /* Localizable.strings in Resources */ = {isa = PBXBuildFile; fileRef = D1E873DE1A1EBB3C007F056F /* Localizable.strings */; };
		D1E873E01A1ED92D007F056F /* BSSettingsVC.xib in Resources */ = {isa = PBXBuildFile; fileRef = D1E873E21A1ED92D007F056F /* BSSettingsVC.xib */; };
		D1F4B7791A1EE3BA00EB1E62 /* BSDayWithWeekNum.m in Sources */ = {isa = PBXBuildFile; fileRef = D1F4B7781A1EE3B900EB1E62 /* BSDayWithWeekNum.m */; };
		D1F4B77C1A1EF27600EB1E62 /* NSDate+Compare.m in Sources */ = {isa = PBXBuildFile; fileRef = D1F4B77B1A1EF27600EB1E62 /* NSDate+Compare.m */; };
		D1F4B77F1A1EFDBC00EB1E62 /* BSTriangleView.m in Sources */ = {isa = PBXBuildFile; fileRef = D1F4B77E1A1EFDBC00EB1E62 /* BSTriangleView.m */; };
/* End PBXBuildFile section */

/* Begin PBXContainerItemProxy section */
		D19EB2381A1824910055B0D3 /* PBXContainerItemProxy */ = {
			isa = PBXContainerItemProxy;
			containerPortal = D19EB2131A1824900055B0D3 /* Project object */;
			proxyType = 1;
			remoteGlobalIDString = D19EB21A1A1824900055B0D3;
			remoteInfo = "Bsuir Schedule";
		};
/* End PBXContainerItemProxy section */

/* Begin PBXFileReference section */
		D11F673E1A1D56FC0068317F /* LICENSE.txt */ = {isa = PBXFileReference; fileEncoding = 4; lastKnownFileType = text; path = LICENSE.txt; sourceTree = "<group>"; };
		D11F673F1A1D56FC0068317F /* OpenSans-Bold.ttf */ = {isa = PBXFileReference; lastKnownFileType = file; path = "OpenSans-Bold.ttf"; sourceTree = "<group>"; };
		D11F67401A1D56FC0068317F /* OpenSans-BoldItalic.ttf */ = {isa = PBXFileReference; lastKnownFileType = file; path = "OpenSans-BoldItalic.ttf"; sourceTree = "<group>"; };
		D11F67411A1D56FC0068317F /* OpenSans-ExtraBold.ttf */ = {isa = PBXFileReference; lastKnownFileType = file; path = "OpenSans-ExtraBold.ttf"; sourceTree = "<group>"; };
		D11F67421A1D56FC0068317F /* OpenSans-ExtraBoldItalic.ttf */ = {isa = PBXFileReference; lastKnownFileType = file; path = "OpenSans-ExtraBoldItalic.ttf"; sourceTree = "<group>"; };
		D11F67431A1D56FC0068317F /* OpenSans-Italic.ttf */ = {isa = PBXFileReference; lastKnownFileType = file; path = "OpenSans-Italic.ttf"; sourceTree = "<group>"; };
		D11F67441A1D56FC0068317F /* OpenSans-Light.ttf */ = {isa = PBXFileReference; lastKnownFileType = file; path = "OpenSans-Light.ttf"; sourceTree = "<group>"; };
		D11F67451A1D56FC0068317F /* OpenSans-LightItalic.ttf */ = {isa = PBXFileReference; lastKnownFileType = file; path = "OpenSans-LightItalic.ttf"; sourceTree = "<group>"; };
		D11F67461A1D56FC0068317F /* OpenSans-Regular.ttf */ = {isa = PBXFileReference; lastKnownFileType = file; path = "OpenSans-Regular.ttf"; sourceTree = "<group>"; };
		D11F67471A1D56FC0068317F /* OpenSans-Semibold.ttf */ = {isa = PBXFileReference; lastKnownFileType = file; path = "OpenSans-Semibold.ttf"; sourceTree = "<group>"; };
		D11F67481A1D56FC0068317F /* OpenSans-SemiboldItalic.ttf */ = {isa = PBXFileReference; lastKnownFileType = file; path = "OpenSans-SemiboldItalic.ttf"; sourceTree = "<group>"; };
		D11F67541A1D5D480068317F /* BSConstants.h */ = {isa = PBXFileReference; lastKnownFileType = sourcecode.c.h; name = BSConstants.h; path = ../UI/BSConstants.h; sourceTree = "<group>"; };
		D11F67551A1D743A0068317F /* BSScheduleVC.xib */ = {isa = PBXFileReference; fileEncoding = 4; lastKnownFileType = file.xib; path = BSScheduleVC.xib; sourceTree = "<group>"; };
		D1608FBA1A18C0FA008B3216 /* BSDataManager.h */ = {isa = PBXFileReference; fileEncoding = 4; lastKnownFileType = sourcecode.c.h; path = BSDataManager.h; sourceTree = "<group>"; };
		D1608FBB1A18C0FA008B3216 /* BSDataManager.m */ = {isa = PBXFileReference; fileEncoding = 4; lastKnownFileType = sourcecode.c.objc; path = BSDataManager.m; sourceTree = "<group>"; };
		D16DD2951A1E1E1600C61DDD /* BSSettingsVC.h */ = {isa = PBXFileReference; fileEncoding = 4; lastKnownFileType = sourcecode.c.h; path = BSSettingsVC.h; sourceTree = "<group>"; };
		D16DD2961A1E1E1600C61DDD /* BSSettingsVC.m */ = {isa = PBXFileReference; fileEncoding = 4; lastKnownFileType = sourcecode.c.objc; path = BSSettingsVC.m; sourceTree = "<group>"; };
		D170BD131A1BF9690068E67C /* BSPair+Color.h */ = {isa = PBXFileReference; fileEncoding = 4; lastKnownFileType = sourcecode.c.h; path = "BSPair+Color.h"; sourceTree = "<group>"; };
		D170BD141A1BF9690068E67C /* BSPair+Color.m */ = {isa = PBXFileReference; fileEncoding = 4; lastKnownFileType = sourcecode.c.objc; path = "BSPair+Color.m"; sourceTree = "<group>"; };
		D18AE80B1A1BFC88003007EF /* BSPair.h */ = {isa = PBXFileReference; fileEncoding = 4; lastKnownFileType = sourcecode.c.h; path = BSPair.h; sourceTree = "<group>"; };
		D18AE80C1A1BFC88003007EF /* BSPair.m */ = {isa = PBXFileReference; fileEncoding = 4; lastKnownFileType = sourcecode.c.objc; path = BSPair.m; sourceTree = "<group>"; };
		D19EB21B1A1824900055B0D3 /* Bsuir Schedule.app */ = {isa = PBXFileReference; explicitFileType = wrapper.application; includeInIndex = 0; path = "Bsuir Schedule.app"; sourceTree = BUILT_PRODUCTS_DIR; };
		D19EB21F1A1824900055B0D3 /* Info.plist */ = {isa = PBXFileReference; lastKnownFileType = text.plist.xml; path = Info.plist; sourceTree = "<group>"; };
		D19EB2201A1824900055B0D3 /* main.m */ = {isa = PBXFileReference; lastKnownFileType = sourcecode.c.objc; path = main.m; sourceTree = "<group>"; };
		D19EB2221A1824900055B0D3 /* AppDelegate.h */ = {isa = PBXFileReference; lastKnownFileType = sourcecode.c.h; path = AppDelegate.h; sourceTree = "<group>"; };
		D19EB2231A1824900055B0D3 /* AppDelegate.m */ = {isa = PBXFileReference; lastKnownFileType = sourcecode.c.objc; path = AppDelegate.m; sourceTree = "<group>"; };
		D19EB2281A1824910055B0D3 /* BSScheduleVC.h */ = {isa = PBXFileReference; lastKnownFileType = sourcecode.c.h; name = BSScheduleVC.h; path = ../BSScheduleVC.h; sourceTree = "<group>"; };
		D19EB2291A1824910055B0D3 /* BSScheduleVC.m */ = {isa = PBXFileReference; lastKnownFileType = sourcecode.c.objc; name = BSScheduleVC.m; path = ../BSScheduleVC.m; sourceTree = "<group>"; };
		D19EB22E1A1824910055B0D3 /* Images.xcassets */ = {isa = PBXFileReference; lastKnownFileType = folder.assetcatalog; path = Images.xcassets; sourceTree = "<group>"; };
		D19EB2371A1824910055B0D3 /* Bsuir ScheduleTests.xctest */ = {isa = PBXFileReference; explicitFileType = wrapper.cfbundle; includeInIndex = 0; path = "Bsuir ScheduleTests.xctest"; sourceTree = BUILT_PRODUCTS_DIR; };
		D19EB23C1A1824910055B0D3 /* Info.plist */ = {isa = PBXFileReference; lastKnownFileType = text.plist.xml; path = Info.plist; sourceTree = "<group>"; };
		D19EB23D1A1824910055B0D3 /* Bsuir_ScheduleTests.m */ = {isa = PBXFileReference; lastKnownFileType = sourcecode.c.objc; path = Bsuir_ScheduleTests.m; sourceTree = "<group>"; };
		D19EB2491A18249C0055B0D3 /* Bsuir Schedule-Bridging-Header.h */ = {isa = PBXFileReference; fileEncoding = 4; lastKnownFileType = sourcecode.c.h; path = "Bsuir Schedule-Bridging-Header.h"; sourceTree = "<group>"; };
		D19EB24A1A18249C0055B0D3 /* XMLDictionary.h */ = {isa = PBXFileReference; fileEncoding = 4; lastKnownFileType = sourcecode.c.h; path = XMLDictionary.h; sourceTree = "<group>"; };
		D19EB24B1A18249C0055B0D3 /* XMLDictionary.m */ = {isa = PBXFileReference; fileEncoding = 4; lastKnownFileType = sourcecode.c.objc; path = XMLDictionary.m; sourceTree = "<group>"; };
		D19EB2521A1824AF0055B0D3 /* ScheduleData.xcdatamodel */ = {isa = PBXFileReference; lastKnownFileType = wrapper.xcdatamodel; path = ScheduleData.xcdatamodel; sourceTree = "<group>"; };
		D1AF20B81A1966A100100B64 /* BSSubject.h */ = {isa = PBXFileReference; fileEncoding = 4; lastKnownFileType = sourcecode.c.h; path = BSSubject.h; sourceTree = "<group>"; };
		D1AF20B91A1966A100100B64 /* BSSubject.m */ = {isa = PBXFileReference; fileEncoding = 4; lastKnownFileType = sourcecode.c.objc; path = BSSubject.m; sourceTree = "<group>"; };
		D1AF20BB1A1966A100100B64 /* BSWeekNumber.h */ = {isa = PBXFileReference; fileEncoding = 4; lastKnownFileType = sourcecode.c.h; path = BSWeekNumber.h; sourceTree = "<group>"; };
		D1AF20BC1A1966A100100B64 /* BSWeekNumber.m */ = {isa = PBXFileReference; fileEncoding = 4; lastKnownFileType = sourcecode.c.objc; path = BSWeekNumber.m; sourceTree = "<group>"; };
		D1AF20BE1A1966A200100B64 /* BSAuditory.h */ = {isa = PBXFileReference; fileEncoding = 4; lastKnownFileType = sourcecode.c.h; path = BSAuditory.h; sourceTree = "<group>"; };
		D1AF20BF1A1966A200100B64 /* BSAuditory.m */ = {isa = PBXFileReference; fileEncoding = 4; lastKnownFileType = sourcecode.c.objc; path = BSAuditory.m; sourceTree = "<group>"; };
		D1AF20C11A1966A200100B64 /* BSDayOfWeek.h */ = {isa = PBXFileReference; fileEncoding = 4; lastKnownFileType = sourcecode.c.h; path = BSDayOfWeek.h; sourceTree = "<group>"; };
		D1AF20C21A1966A200100B64 /* BSDayOfWeek.m */ = {isa = PBXFileReference; fileEncoding = 4; lastKnownFileType = sourcecode.c.objc; path = BSDayOfWeek.m; sourceTree = "<group>"; };
		D1AF20C41A1966A200100B64 /* BSLecturer.h */ = {isa = PBXFileReference; fileEncoding = 4; lastKnownFileType = sourcecode.c.h; path = BSLecturer.h; sourceTree = "<group>"; };
		D1AF20C51A1966A200100B64 /* BSLecturer.m */ = {isa = PBXFileReference; fileEncoding = 4; lastKnownFileType = sourcecode.c.objc; path = BSLecturer.m; sourceTree = "<group>"; };
		D1DE31611A1AA3D5000038B0 /* BSLecturer+Thumbnail.h */ = {isa = PBXFileReference; fileEncoding = 4; lastKnownFileType = sourcecode.c.h; path = "BSLecturer+Thumbnail.h"; sourceTree = "<group>"; };
		D1DE31621A1AA3D5000038B0 /* BSLecturer+Thumbnail.m */ = {isa = PBXFileReference; fileEncoding = 4; lastKnownFileType = sourcecode.c.objc; path = "BSLecturer+Thumbnail.m"; sourceTree = "<group>"; };
		D1DE31641A1AA5FA000038B0 /* Lecturers.xcassets */ = {isa = PBXFileReference; lastKnownFileType = folder.assetcatalog; path = Lecturers.xcassets; sourceTree = "<group>"; };
		D1DE31661A1AA9AB000038B0 /* NSString+Transiterate.h */ = {isa = PBXFileReference; fileEncoding = 4; lastKnownFileType = sourcecode.c.h; path = "NSString+Transiterate.h"; sourceTree = "<group>"; };
		D1DE31671A1AA9AB000038B0 /* NSString+Transiterate.m */ = {isa = PBXFileReference; fileEncoding = 4; lastKnownFileType = sourcecode.c.objc; path = "NSString+Transiterate.m"; sourceTree = "<group>"; };
		D1E5C72B1A1BE41B009E5552 /* BSPairCell.h */ = {isa = PBXFileReference; fileEncoding = 4; lastKnownFileType = sourcecode.c.h; path = BSPairCell.h; sourceTree = "<group>"; };
		D1E5C72C1A1BE41B009E5552 /* BSPairCell.m */ = {isa = PBXFileReference; fileEncoding = 4; lastKnownFileType = sourcecode.c.objc; path = BSPairCell.m; sourceTree = "<group>"; };
		D1E5C72D1A1BE41B009E5552 /* BSPairCell.xib */ = {isa = PBXFileReference; fileEncoding = 4; lastKnownFileType = file.xib; path = BSPairCell.xib; sourceTree = "<group>"; };
		D1E5C7301A1BF341009E5552 /* BSPair+Type.h */ = {isa = PBXFileReference; fileEncoding = 4; lastKnownFileType = sourcecode.c.h; path = "BSPair+Type.h"; sourceTree = "<group>"; };
		D1E5C7311A1BF341009E5552 /* BSPair+Type.m */ = {isa = PBXFileReference; fileEncoding = 4; lastKnownFileType = sourcecode.c.objc; path = "BSPair+Type.m"; sourceTree = "<group>"; };
		D1E873D71A1E3F1F007F056F /* BSTextField.h */ = {isa = PBXFileReference; fileEncoding = 4; lastKnownFileType = sourcecode.c.h; name = BSTextField.h; path = ../UI/BSTextField.h; sourceTree = "<group>"; };
		D1E873D81A1E3F1F007F056F /* BSTextField.m */ = {isa = PBXFileReference; fileEncoding = 4; lastKnownFileType = sourcecode.c.objc; name = BSTextField.m; path = ../UI/BSTextField.m; sourceTree = "<group>"; };
		D1E873DD1A1EBB3C007F056F /* Base */ = {isa = PBXFileReference; lastKnownFileType = text.plist.strings; name = Base; path = Base.lproj/Localizable.strings; sourceTree = "<group>"; };
		D1E873DF1A1EBBEC007F056F /* ru */ = {isa = PBXFileReference; lastKnownFileType = text.plist.strings; name = ru; path = ru.lproj/Localizable.strings; sourceTree = "<group>"; };
		D1E873E11A1ED92D007F056F /* Base */ = {isa = PBXFileReference; lastKnownFileType = file.xib; name = Base; path = Base.lproj/BSSettingsVC.xib; sourceTree = "<group>"; };
		D1E873E41A1ED930007F056F /* en */ = {isa = PBXFileReference; lastKnownFileType = text.plist.strings; name = en; path = en.lproj/BSSettingsVC.strings; sourceTree = "<group>"; };
		D1E873E61A1ED932007F056F /* ru */ = {isa = PBXFileReference; lastKnownFileType = text.plist.strings; name = ru; path = ru.lproj/BSSettingsVC.strings; sourceTree = "<group>"; };
		D1F4B7771A1EE3B900EB1E62 /* BSDayWithWeekNum.h */ = {isa = PBXFileReference; fileEncoding = 4; lastKnownFileType = sourcecode.c.h; path = BSDayWithWeekNum.h; sourceTree = "<group>"; };
		D1F4B7781A1EE3B900EB1E62 /* BSDayWithWeekNum.m */ = {isa = PBXFileReference; fileEncoding = 4; lastKnownFileType = sourcecode.c.objc; path = BSDayWithWeekNum.m; sourceTree = "<group>"; };
		D1F4B77A1A1EF27600EB1E62 /* NSDate+Compare.h */ = {isa = PBXFileReference; fileEncoding = 4; lastKnownFileType = sourcecode.c.h; name = "NSDate+Compare.h"; path = "../UI/NSDate+Compare.h"; sourceTree = "<group>"; };
		D1F4B77B1A1EF27600EB1E62 /* NSDate+Compare.m */ = {isa = PBXFileReference; fileEncoding = 4; lastKnownFileType = sourcecode.c.objc; name = "NSDate+Compare.m"; path = "../UI/NSDate+Compare.m"; sourceTree = "<group>"; };
		D1F4B77D1A1EFDBC00EB1E62 /* BSTriangleView.h */ = {isa = PBXFileReference; fileEncoding = 4; lastKnownFileType = sourcecode.c.h; path = BSTriangleView.h; sourceTree = "<group>"; };
		D1F4B77E1A1EFDBC00EB1E62 /* BSTriangleView.m */ = {isa = PBXFileReference; fileEncoding = 4; lastKnownFileType = sourcecode.c.objc; path = BSTriangleView.m; sourceTree = "<group>"; };
/* End PBXFileReference section */

/* Begin PBXFrameworksBuildPhase section */
		D19EB2181A1824900055B0D3 /* Frameworks */ = {
			isa = PBXFrameworksBuildPhase;
			buildActionMask = 2147483647;
			files = (
			);
			runOnlyForDeploymentPostprocessing = 0;
		};
		D19EB2341A1824910055B0D3 /* Frameworks */ = {
			isa = PBXFrameworksBuildPhase;
			buildActionMask = 2147483647;
			files = (
			);
			runOnlyForDeploymentPostprocessing = 0;
		};
/* End PBXFrameworksBuildPhase section */

/* Begin PBXGroup section */
		D11F673D1A1D56FC0068317F /* Fonts */ = {
			isa = PBXGroup;
			children = (
				D11F673E1A1D56FC0068317F /* LICENSE.txt */,
				D11F673F1A1D56FC0068317F /* OpenSans-Bold.ttf */,
				D11F67401A1D56FC0068317F /* OpenSans-BoldItalic.ttf */,
				D11F67411A1D56FC0068317F /* OpenSans-ExtraBold.ttf */,
				D11F67421A1D56FC0068317F /* OpenSans-ExtraBoldItalic.ttf */,
				D11F67431A1D56FC0068317F /* OpenSans-Italic.ttf */,
				D11F67441A1D56FC0068317F /* OpenSans-Light.ttf */,
				D11F67451A1D56FC0068317F /* OpenSans-LightItalic.ttf */,
				D11F67461A1D56FC0068317F /* OpenSans-Regular.ttf */,
				D11F67471A1D56FC0068317F /* OpenSans-Semibold.ttf */,
				D11F67481A1D56FC0068317F /* OpenSans-SemiboldItalic.ttf */,
			);
			path = Fonts;
			sourceTree = "<group>";
		};
		D170BD111A1BF92E0068E67C /* Extensions */ = {
			isa = PBXGroup;
			children = (
				D1DE31661A1AA9AB000038B0 /* NSString+Transiterate.h */,
				D1DE31671A1AA9AB000038B0 /* NSString+Transiterate.m */,
				D1DE31611A1AA3D5000038B0 /* BSLecturer+Thumbnail.h */,
				D1DE31621A1AA3D5000038B0 /* BSLecturer+Thumbnail.m */,
				D1E5C7301A1BF341009E5552 /* BSPair+Type.h */,
				D1E5C7311A1BF341009E5552 /* BSPair+Type.m */,
				D170BD131A1BF9690068E67C /* BSPair+Color.h */,
				D170BD141A1BF9690068E67C /* BSPair+Color.m */,
			);
			name = Extensions;
			sourceTree = "<group>";
		};
		D170BD121A1BF9370068E67C /* Models */ = {
			isa = PBXGroup;
			children = (
				D18AE80B1A1BFC88003007EF /* BSPair.h */,
				D18AE80C1A1BFC88003007EF /* BSPair.m */,
				D1AF20C41A1966A200100B64 /* BSLecturer.h */,
				D1AF20C51A1966A200100B64 /* BSLecturer.m */,
				D1AF20C11A1966A200100B64 /* BSDayOfWeek.h */,
				D1AF20C21A1966A200100B64 /* BSDayOfWeek.m */,
				D1AF20BE1A1966A200100B64 /* BSAuditory.h */,
				D1AF20BF1A1966A200100B64 /* BSAuditory.m */,
				D1AF20BB1A1966A100100B64 /* BSWeekNumber.h */,
				D1AF20BC1A1966A100100B64 /* BSWeekNumber.m */,
				D1AF20B81A1966A100100B64 /* BSSubject.h */,
				D1AF20B91A1966A100100B64 /* BSSubject.m */,
				D1F4B7771A1EE3B900EB1E62 /* BSDayWithWeekNum.h */,
				D1F4B7781A1EE3B900EB1E62 /* BSDayWithWeekNum.m */,
			);
			name = Models;
			sourceTree = "<group>";
		};
		D19EB2121A1824900055B0D3 = {
			isa = PBXGroup;
			children = (
				D19EB21D1A1824900055B0D3 /* Bsuir Schedule */,
				D19EB23A1A1824910055B0D3 /* Bsuir ScheduleTests */,
				D19EB21C1A1824900055B0D3 /* Products */,
			);
			sourceTree = "<group>";
		};
		D19EB21C1A1824900055B0D3 /* Products */ = {
			isa = PBXGroup;
			children = (
				D19EB21B1A1824900055B0D3 /* Bsuir Schedule.app */,
				D19EB2371A1824910055B0D3 /* Bsuir ScheduleTests.xctest */,
			);
			name = Products;
			sourceTree = "<group>";
		};
		D19EB21D1A1824900055B0D3 /* Bsuir Schedule */ = {
			isa = PBXGroup;
			children = (
				D1F4B7801A1EFDD900EB1E62 /* Utils */,
				D1DE31601A1A9F66000038B0 /* UI */,
				D19EB24D1A1824AF0055B0D3 /* Data */,
				D19EB2471A18249C0055B0D3 /* 3rd party */,
				D19EB2221A1824900055B0D3 /* AppDelegate.h */,
				D19EB2231A1824900055B0D3 /* AppDelegate.m */,
				D19EB22E1A1824910055B0D3 /* Images.xcassets */,
				D19EB21E1A1824900055B0D3 /* Supporting Files */,
				D1E873DE1A1EBB3C007F056F /* Localizable.strings */,
			);
			path = "Bsuir Schedule";
			sourceTree = "<group>";
		};
		D19EB21E1A1824900055B0D3 /* Supporting Files */ = {
			isa = PBXGroup;
			children = (
				D19EB21F1A1824900055B0D3 /* Info.plist */,
				D19EB2201A1824900055B0D3 /* main.m */,
			);
			name = "Supporting Files";
			sourceTree = "<group>";
		};
		D19EB23A1A1824910055B0D3 /* Bsuir ScheduleTests */ = {
			isa = PBXGroup;
			children = (
				D19EB23D1A1824910055B0D3 /* Bsuir_ScheduleTests.m */,
				D19EB23B1A1824910055B0D3 /* Supporting Files */,
			);
			path = "Bsuir ScheduleTests";
			sourceTree = "<group>";
		};
		D19EB23B1A1824910055B0D3 /* Supporting Files */ = {
			isa = PBXGroup;
			children = (
				D19EB23C1A1824910055B0D3 /* Info.plist */,
			);
			name = "Supporting Files";
			sourceTree = "<group>";
		};
		D19EB2471A18249C0055B0D3 /* 3rd party */ = {
			isa = PBXGroup;
			children = (
				D19EB2481A18249C0055B0D3 /* XMLDictionary */,
			);
			path = "3rd party";
			sourceTree = "<group>";
		};
		D19EB2481A18249C0055B0D3 /* XMLDictionary */ = {
			isa = PBXGroup;
			children = (
				D19EB2491A18249C0055B0D3 /* Bsuir Schedule-Bridging-Header.h */,
				D19EB24A1A18249C0055B0D3 /* XMLDictionary.h */,
				D19EB24B1A18249C0055B0D3 /* XMLDictionary.m */,
			);
			path = XMLDictionary;
			sourceTree = "<group>";
		};
		D19EB24D1A1824AF0055B0D3 /* Data */ = {
			isa = PBXGroup;
			children = (
				D19EB2511A1824AF0055B0D3 /* ScheduleData.xcdatamodeld */,
				D170BD111A1BF92E0068E67C /* Extensions */,
				D170BD121A1BF9370068E67C /* Models */,
				D1608FBA1A18C0FA008B3216 /* BSDataManager.h */,
				D1608FBB1A18C0FA008B3216 /* BSDataManager.m */,
				D1DE31641A1AA5FA000038B0 /* Lecturers.xcassets */,
			);
			path = Data;
			sourceTree = "<group>";
		};
		D1DE31601A1A9F66000038B0 /* UI */ = {
			isa = PBXGroup;
			children = (
				D11F673D1A1D56FC0068317F /* Fonts */,
				D1E5C72B1A1BE41B009E5552 /* BSPairCell.h */,
				D1E5C72C1A1BE41B009E5552 /* BSPairCell.m */,
				D1E5C72D1A1BE41B009E5552 /* BSPairCell.xib */,
				D19EB2281A1824910055B0D3 /* BSScheduleVC.h */,
				D19EB2291A1824910055B0D3 /* BSScheduleVC.m */,
				D11F67551A1D743A0068317F /* BSScheduleVC.xib */,
				D16DD2951A1E1E1600C61DDD /* BSSettingsVC.h */,
				D16DD2961A1E1E1600C61DDD /* BSSettingsVC.m */,
				D1E873E21A1ED92D007F056F /* BSSettingsVC.xib */,
				D1F4B77D1A1EFDBC00EB1E62 /* BSTriangleView.h */,
				D1F4B77E1A1EFDBC00EB1E62 /* BSTriangleView.m */,
			);
			path = UI;
			sourceTree = "<group>";
		};
		D1F4B7801A1EFDD900EB1E62 /* Utils */ = {
			isa = PBXGroup;
			children = (
				D11F67541A1D5D480068317F /* BSConstants.h */,
				D1E873D71A1E3F1F007F056F /* BSTextField.h */,
				D1E873D81A1E3F1F007F056F /* BSTextField.m */,
				D1F4B77A1A1EF27600EB1E62 /* NSDate+Compare.h */,
				D1F4B77B1A1EF27600EB1E62 /* NSDate+Compare.m */,
			);
			path = Utils;
			sourceTree = "<group>";
		};
/* End PBXGroup section */

/* Begin PBXNativeTarget section */
		D19EB21A1A1824900055B0D3 /* Bsuir Schedule */ = {
			isa = PBXNativeTarget;
			buildConfigurationList = D19EB2411A1824910055B0D3 /* Build configuration list for PBXNativeTarget "Bsuir Schedule" */;
			buildPhases = (
				D19EB2171A1824900055B0D3 /* Sources */,
				D19EB2181A1824900055B0D3 /* Frameworks */,
				D19EB2191A1824900055B0D3 /* Resources */,
			);
			buildRules = (
			);
			dependencies = (
			);
			name = "Bsuir Schedule";
			productName = "Bsuir Schedule";
			productReference = D19EB21B1A1824900055B0D3 /* Bsuir Schedule.app */;
			productType = "com.apple.product-type.application";
		};
		D19EB2361A1824910055B0D3 /* Bsuir ScheduleTests */ = {
			isa = PBXNativeTarget;
			buildConfigurationList = D19EB2441A1824910055B0D3 /* Build configuration list for PBXNativeTarget "Bsuir ScheduleTests" */;
			buildPhases = (
				D19EB2331A1824910055B0D3 /* Sources */,
				D19EB2341A1824910055B0D3 /* Frameworks */,
				D19EB2351A1824910055B0D3 /* Resources */,
			);
			buildRules = (
			);
			dependencies = (
				D19EB2391A1824910055B0D3 /* PBXTargetDependency */,
			);
			name = "Bsuir ScheduleTests";
			productName = "Bsuir ScheduleTests";
			productReference = D19EB2371A1824910055B0D3 /* Bsuir ScheduleTests.xctest */;
			productType = "com.apple.product-type.bundle.unit-test";
		};
/* End PBXNativeTarget section */

/* Begin PBXProject section */
		D19EB2131A1824900055B0D3 /* Project object */ = {
			isa = PBXProject;
			attributes = {
				LastUpgradeCheck = 0610;
				ORGANIZATIONNAME = Saute;
				TargetAttributes = {
					D19EB21A1A1824900055B0D3 = {
						CreatedOnToolsVersion = 6.1;
						DevelopmentTeam = 636FUHDF2R;
					};
					D19EB2361A1824910055B0D3 = {
						CreatedOnToolsVersion = 6.1;
						TestTargetID = D19EB21A1A1824900055B0D3;
					};
				};
			};
			buildConfigurationList = D19EB2161A1824900055B0D3 /* Build configuration list for PBXProject "Bsuir Schedule" */;
			compatibilityVersion = "Xcode 3.2";
			developmentRegion = English;
			hasScannedForEncodings = 0;
			knownRegions = (
				en,
				Base,
				ru,
			);
			mainGroup = D19EB2121A1824900055B0D3;
			productRefGroup = D19EB21C1A1824900055B0D3 /* Products */;
			projectDirPath = "";
			projectRoot = "";
			targets = (
				D19EB21A1A1824900055B0D3 /* Bsuir Schedule */,
				D19EB2361A1824910055B0D3 /* Bsuir ScheduleTests */,
			);
		};
/* End PBXProject section */

/* Begin PBXResourcesBuildPhase section */
		D19EB2191A1824900055B0D3 /* Resources */ = {
			isa = PBXResourcesBuildPhase;
			buildActionMask = 2147483647;
			files = (
				D11F67531A1D56FC0068317F /* OpenSans-SemiboldItalic.ttf in Resources */,
				D11F67491A1D56FC0068317F /* LICENSE.txt in Resources */,
				D11F674E1A1D56FC0068317F /* OpenSans-Italic.ttf in Resources */,
				D11F674A1A1D56FC0068317F /* OpenSans-Bold.ttf in Resources */,
				D11F674C1A1D56FC0068317F /* OpenSans-ExtraBold.ttf in Resources */,
				D1E5C72F1A1BE41B009E5552 /* BSPairCell.xib in Resources */,
				D1E873DC1A1EBB3C007F056F /* Localizable.strings in Resources */,
				D11F674F1A1D56FC0068317F /* OpenSans-Light.ttf in Resources */,
				D19EB22F1A1824910055B0D3 /* Images.xcassets in Resources */,
				D11F67521A1D56FC0068317F /* OpenSans-Semibold.ttf in Resources */,
				D11F674D1A1D56FC0068317F /* OpenSans-ExtraBoldItalic.ttf in Resources */,
				D11F67511A1D56FC0068317F /* OpenSans-Regular.ttf in Resources */,
				D11F67561A1D743A0068317F /* BSScheduleVC.xib in Resources */,
				D11F674B1A1D56FC0068317F /* OpenSans-BoldItalic.ttf in Resources */,
				D11F67501A1D56FC0068317F /* OpenSans-LightItalic.ttf in Resources */,
				D1E873E01A1ED92D007F056F /* BSSettingsVC.xib in Resources */,
				D1DE31651A1AA5FA000038B0 /* Lecturers.xcassets in Resources */,
			);
			runOnlyForDeploymentPostprocessing = 0;
		};
		D19EB2351A1824910055B0D3 /* Resources */ = {
			isa = PBXResourcesBuildPhase;
			buildActionMask = 2147483647;
			files = (
			);
			runOnlyForDeploymentPostprocessing = 0;
		};
/* End PBXResourcesBuildPhase section */

/* Begin PBXSourcesBuildPhase section */
		D19EB2171A1824900055B0D3 /* Sources */ = {
			isa = PBXSourcesBuildPhase;
			buildActionMask = 2147483647;
			files = (
				D18AE80D1A1BFC88003007EF /* BSPair.m in Sources */,
				D170BD151A1BF9690068E67C /* BSPair+Color.m in Sources */,
				D1DE31631A1AA3D5000038B0 /* BSLecturer+Thumbnail.m in Sources */,
				D1608FBC1A18C0FA008B3216 /* BSDataManager.m in Sources */,
				D1F4B7791A1EE3BA00EB1E62 /* BSDayWithWeekNum.m in Sources */,
				D1AF20C01A1966A200100B64 /* BSAuditory.m in Sources */,
				D19EB24C1A18249C0055B0D3 /* XMLDictionary.m in Sources */,
				D19EB2581A1824AF0055B0D3 /* ScheduleData.xcdatamodeld in Sources */,
				D1AF20C31A1966A200100B64 /* BSDayOfWeek.m in Sources */,
				D1E5C7321A1BF341009E5552 /* BSPair+Type.m in Sources */,
				D1AF20BD1A1966A100100B64 /* BSWeekNumber.m in Sources */,
				D1E5C72E1A1BE41B009E5552 /* BSPairCell.m in Sources */,
				D19EB2241A1824900055B0D3 /* AppDelegate.m in Sources */,
				D19EB22A1A1824910055B0D3 /* BSScheduleVC.m in Sources */,
				D1AF20C61A1966A200100B64 /* BSLecturer.m in Sources */,
				D1F4B77F1A1EFDBC00EB1E62 /* BSTriangleView.m in Sources */,
				D1AF20BA1A1966A100100B64 /* BSSubject.m in Sources */,
				D1F4B77C1A1EF27600EB1E62 /* NSDate+Compare.m in Sources */,
				D19EB2211A1824900055B0D3 /* main.m in Sources */,
				D1E873D91A1E3F1F007F056F /* BSTextField.m in Sources */,
				D16DD2981A1E1E1600C61DDD /* BSSettingsVC.m in Sources */,
				D1DE31681A1AA9AB000038B0 /* NSString+Transiterate.m in Sources */,
			);
			runOnlyForDeploymentPostprocessing = 0;
		};
		D19EB2331A1824910055B0D3 /* Sources */ = {
			isa = PBXSourcesBuildPhase;
			buildActionMask = 2147483647;
			files = (
				D19EB23E1A1824910055B0D3 /* Bsuir_ScheduleTests.m in Sources */,
			);
			runOnlyForDeploymentPostprocessing = 0;
		};
/* End PBXSourcesBuildPhase section */

/* Begin PBXTargetDependency section */
		D19EB2391A1824910055B0D3 /* PBXTargetDependency */ = {
			isa = PBXTargetDependency;
			target = D19EB21A1A1824900055B0D3 /* Bsuir Schedule */;
			targetProxy = D19EB2381A1824910055B0D3 /* PBXContainerItemProxy */;
		};
/* End PBXTargetDependency section */

/* Begin PBXVariantGroup section */
		D1E873DE1A1EBB3C007F056F /* Localizable.strings */ = {
			isa = PBXVariantGroup;
			children = (
				D1E873DD1A1EBB3C007F056F /* Base */,
				D1E873DF1A1EBBEC007F056F /* ru */,
			);
			name = Localizable.strings;
			sourceTree = "<group>";
		};
		D1E873E21A1ED92D007F056F /* BSSettingsVC.xib */ = {
			isa = PBXVariantGroup;
			children = (
				D1E873E11A1ED92D007F056F /* Base */,
				D1E873E41A1ED930007F056F /* en */,
				D1E873E61A1ED932007F056F /* ru */,
			);
			name = BSSettingsVC.xib;
			sourceTree = "<group>";
		};
/* End PBXVariantGroup section */

/* Begin XCBuildConfiguration section */
		D19EB23F1A1824910055B0D3 /* Debug */ = {
			isa = XCBuildConfiguration;
			buildSettings = {
				ALWAYS_SEARCH_USER_PATHS = NO;
				CLANG_CXX_LANGUAGE_STANDARD = "gnu++0x";
				CLANG_CXX_LIBRARY = "libc++";
				CLANG_ENABLE_MODULES = YES;
				CLANG_ENABLE_OBJC_ARC = YES;
				CLANG_WARN_BOOL_CONVERSION = YES;
				CLANG_WARN_CONSTANT_CONVERSION = YES;
				CLANG_WARN_DIRECT_OBJC_ISA_USAGE = YES_ERROR;
				CLANG_WARN_EMPTY_BODY = YES;
				CLANG_WARN_ENUM_CONVERSION = YES;
				CLANG_WARN_INT_CONVERSION = YES;
				CLANG_WARN_OBJC_ROOT_CLASS = YES_ERROR;
				CLANG_WARN_UNREACHABLE_CODE = YES;
				CLANG_WARN__DUPLICATE_METHOD_MATCH = YES;
				"CODE_SIGN_IDENTITY[sdk=iphoneos*]" = "iPhone Developer";
				COPY_PHASE_STRIP = NO;
				ENABLE_STRICT_OBJC_MSGSEND = YES;
				GCC_C_LANGUAGE_STANDARD = gnu99;
				GCC_DYNAMIC_NO_PIC = NO;
				GCC_OPTIMIZATION_LEVEL = 0;
				GCC_PREPROCESSOR_DEFINITIONS = (
					"DEBUG=1",
					"$(inherited)",
				);
				GCC_SYMBOLS_PRIVATE_EXTERN = NO;
				GCC_WARN_64_TO_32_BIT_CONVERSION = YES;
				GCC_WARN_ABOUT_RETURN_TYPE = YES_ERROR;
				GCC_WARN_UNDECLARED_SELECTOR = YES;
				GCC_WARN_UNINITIALIZED_AUTOS = YES_AGGRESSIVE;
				GCC_WARN_UNUSED_FUNCTION = YES;
				GCC_WARN_UNUSED_VARIABLE = YES;
				IPHONEOS_DEPLOYMENT_TARGET = 8.1;
				MTL_ENABLE_DEBUG_INFO = YES;
				ONLY_ACTIVE_ARCH = YES;
				SDKROOT = iphoneos;
			};
			name = Debug;
		};
		D19EB2401A1824910055B0D3 /* Release */ = {
			isa = XCBuildConfiguration;
			buildSettings = {
				ALWAYS_SEARCH_USER_PATHS = NO;
				CLANG_CXX_LANGUAGE_STANDARD = "gnu++0x";
				CLANG_CXX_LIBRARY = "libc++";
				CLANG_ENABLE_MODULES = YES;
				CLANG_ENABLE_OBJC_ARC = YES;
				CLANG_WARN_BOOL_CONVERSION = YES;
				CLANG_WARN_CONSTANT_CONVERSION = YES;
				CLANG_WARN_DIRECT_OBJC_ISA_USAGE = YES_ERROR;
				CLANG_WARN_EMPTY_BODY = YES;
				CLANG_WARN_ENUM_CONVERSION = YES;
				CLANG_WARN_INT_CONVERSION = YES;
				CLANG_WARN_OBJC_ROOT_CLASS = YES_ERROR;
				CLANG_WARN_UNREACHABLE_CODE = YES;
				CLANG_WARN__DUPLICATE_METHOD_MATCH = YES;
				"CODE_SIGN_IDENTITY[sdk=iphoneos*]" = "iPhone Developer";
				COPY_PHASE_STRIP = YES;
				ENABLE_NS_ASSERTIONS = NO;
				ENABLE_STRICT_OBJC_MSGSEND = YES;
				GCC_C_LANGUAGE_STANDARD = gnu99;
				GCC_WARN_64_TO_32_BIT_CONVERSION = YES;
				GCC_WARN_ABOUT_RETURN_TYPE = YES_ERROR;
				GCC_WARN_UNDECLARED_SELECTOR = YES;
				GCC_WARN_UNINITIALIZED_AUTOS = YES_AGGRESSIVE;
				GCC_WARN_UNUSED_FUNCTION = YES;
				GCC_WARN_UNUSED_VARIABLE = YES;
				IPHONEOS_DEPLOYMENT_TARGET = 8.1;
				MTL_ENABLE_DEBUG_INFO = NO;
				SDKROOT = iphoneos;
				VALIDATE_PRODUCT = YES;
			};
			name = Release;
		};
		D19EB2421A1824910055B0D3 /* Debug */ = {
			isa = XCBuildConfiguration;
			buildSettings = {
				ASSETCATALOG_COMPILER_APPICON_NAME = AppIcon;
				ASSETCATALOG_COMPILER_LAUNCHIMAGE_NAME = LaunchImage;
				CODE_SIGN_IDENTITY = "iPhone Developer: Anton Siliuk (U4AMXKRJ6L)";
				INFOPLIST_FILE = "Bsuir Schedule/Info.plist";
				IPHONEOS_DEPLOYMENT_TARGET = 7.0;
				LD_RUNPATH_SEARCH_PATHS = "$(inherited) @executable_path/Frameworks";
				PRODUCT_NAME = "$(TARGET_NAME)";
				PROVISIONING_PROFILE = "d5ed0e5b-361a-41a6-bcc8-a9f7b56819c4";
			};
			name = Debug;
		};
		D19EB2431A1824910055B0D3 /* Release */ = {
			isa = XCBuildConfiguration;
			buildSettings = {
				ASSETCATALOG_COMPILER_APPICON_NAME = AppIcon;
				ASSETCATALOG_COMPILER_LAUNCHIMAGE_NAME = LaunchImage;
				CODE_SIGN_IDENTITY = "iPhone Distribution: Anton Siliuk (636FUHDF2R)";
				INFOPLIST_FILE = "Bsuir Schedule/Info.plist";
				IPHONEOS_DEPLOYMENT_TARGET = 7.0;
				LD_RUNPATH_SEARCH_PATHS = "$(inherited) @executable_path/Frameworks";
				PRODUCT_NAME = "$(TARGET_NAME)";
				PROVISIONING_PROFILE = "d5ed0e5b-361a-41a6-bcc8-a9f7b56819c4";
			};
			name = Release;
		};
		D19EB2451A1824910055B0D3 /* Debug */ = {
			isa = XCBuildConfiguration;
			buildSettings = {
				BUNDLE_LOADER = "$(TEST_HOST)";
				FRAMEWORK_SEARCH_PATHS = (
					"$(SDKROOT)/Developer/Library/Frameworks",
					"$(inherited)",
				);
				GCC_PREPROCESSOR_DEFINITIONS = (
					"DEBUG=1",
					"$(inherited)",
				);
				INFOPLIST_FILE = "Bsuir ScheduleTests/Info.plist";
				LD_RUNPATH_SEARCH_PATHS = "$(inherited) @executable_path/Frameworks @loader_path/Frameworks";
				PRODUCT_NAME = "$(TARGET_NAME)";
				TEST_HOST = "$(BUILT_PRODUCTS_DIR)/Bsuir Schedule.app/Bsuir Schedule";
			};
			name = Debug;
		};
		D19EB2461A1824910055B0D3 /* Release */ = {
			isa = XCBuildConfiguration;
			buildSettings = {
				BUNDLE_LOADER = "$(TEST_HOST)";
				FRAMEWORK_SEARCH_PATHS = (
					"$(SDKROOT)/Developer/Library/Frameworks",
					"$(inherited)",
				);
				INFOPLIST_FILE = "Bsuir ScheduleTests/Info.plist";
				LD_RUNPATH_SEARCH_PATHS = "$(inherited) @executable_path/Frameworks @loader_path/Frameworks";
				PRODUCT_NAME = "$(TARGET_NAME)";
				TEST_HOST = "$(BUILT_PRODUCTS_DIR)/Bsuir Schedule.app/Bsuir Schedule";
			};
			name = Release;
		};
/* End XCBuildConfiguration section */

/* Begin XCConfigurationList section */
		D19EB2161A1824900055B0D3 /* Build configuration list for PBXProject "Bsuir Schedule" */ = {
			isa = XCConfigurationList;
			buildConfigurations = (
				D19EB23F1A1824910055B0D3 /* Debug */,
				D19EB2401A1824910055B0D3 /* Release */,
			);
			defaultConfigurationIsVisible = 0;
			defaultConfigurationName = Release;
		};
		D19EB2411A1824910055B0D3 /* Build configuration list for PBXNativeTarget "Bsuir Schedule" */ = {
			isa = XCConfigurationList;
			buildConfigurations = (
				D19EB2421A1824910055B0D3 /* Debug */,
				D19EB2431A1824910055B0D3 /* Release */,
			);
			defaultConfigurationIsVisible = 0;
			defaultConfigurationName = Release;
		};
		D19EB2441A1824910055B0D3 /* Build configuration list for PBXNativeTarget "Bsuir ScheduleTests" */ = {
			isa = XCConfigurationList;
			buildConfigurations = (
				D19EB2451A1824910055B0D3 /* Debug */,
				D19EB2461A1824910055B0D3 /* Release */,
			);
			defaultConfigurationIsVisible = 0;
			defaultConfigurationName = Release;
		};
/* End XCConfigurationList section */

/* Begin XCVersionGroup section */
		D19EB2511A1824AF0055B0D3 /* ScheduleData.xcdatamodeld */ = {
			isa = XCVersionGroup;
			children = (
				D19EB2521A1824AF0055B0D3 /* ScheduleData.xcdatamodel */,
			);
			currentVersion = D19EB2521A1824AF0055B0D3 /* ScheduleData.xcdatamodel */;
			path = ScheduleData.xcdatamodeld;
			sourceTree = "<group>";
			versionGroupType = wrapper.xcdatamodel;
		};
/* End XCVersionGroup section */
	};
	rootObject = D19EB2131A1824900055B0D3 /* Project object */;
}
